<?xml version="1.0" encoding="utf-8"?>
<Project ToolsVersion="4.0" xmlns="http://schemas.microsoft.com/developer/msbuild/2003">
  <ItemGroup>
    <ClCompile Include="MrT_wxDialogs.h">
      <Filter>Header Files</Filter>
    </ClCompile>
    <ClCompile Include="MrT_wxDialogs.cpp">
      <Filter>Resource Files</Filter>
    </ClCompile>
    <ClCompile Include="Main.cpp">
      <Filter>Source Files</Filter>
    </ClCompile>
    <ClCompile Include="CSVtoXML_Panel.h">
      <Filter>Header Files\Panel Header Files</Filter>
    </ClCompile>
    <ClCompile Include="CSVto_PanelBase.cpp">
      <Filter>Resource Files\Panel Resource Files</Filter>
    </ClCompile>
    <ClCompile Include="CSVtoASCII_Panel.cpp">
      <Filter>Resource Files\Panel Resource Files</Filter>
    </ClCompile>
    <ClCompile Include="CSVtoHTML_Panel.cpp">
      <Filter>Resource Files\Panel Resource Files</Filter>
    </ClCompile>
    <ClCompile Include="CSVtoLaTex_Panel.cpp">
      <Filter>Resource Files\Panel Resource Files</Filter>
    </ClCompile>
    <ClCompile Include="CSVtoMarkdown.cpp">
      <Filter>Resource Files\Panel Resource Files</Filter>
    </ClCompile>
    <ClCompile Include="CSVtoSQL_Panel.cpp">
      <Filter>Resource Files\Panel Resource Files</Filter>
    </ClCompile>
    <ClCompile Include="CSVtoXML_Panel.cpp">
      <Filter>Resource Files\Panel Resource Files</Filter>
    </ClCompile>
    <ClCompile Include="CSVtoJSON_Panel.cpp">
      <Filter>Resource Files\Panel Resource Files</Filter>
    </ClCompile>
    <ClCompile Include="CSVtoCSV_Panel.cpp">
      <Filter>Resource Files\Panel Resource Files</Filter>
    </ClCompile>
    <ClCompile Include="CSVtoPHP_Panel.cpp">
      <Filter>Resource Files\Panel Resource Files</Filter>
    </ClCompile>
    <ClCompile Include="CSVtoRuby_Panel.cpp">
      <Filter>Resource Files\Panel Resource Files</Filter>
    </ClCompile>
    <ClCompile Include="CSVtoMultiline_Panel.cpp">
      <Filter>Resource Files\Panel Resource Files</Filter>
    </ClCompile>
    <ClCompile Include="CSVtoYAML.cpp">
      <Filter>Resource Files\Panel Resource Files</Filter>
    </ClCompile>
    <ClCompile Include="CSVtoBBCode_Panel.cpp">
      <Filter>Resource Files\Panel Resource Files</Filter>
    </ClCompile>
    <ClCompile Include="CSVtoXLSX_Panel.cpp">
      <Filter>Resource Files\Panel Resource Files</Filter>
    </ClCompile>
  </ItemGroup>
  <ItemGroup>
    <ClInclude Include="Ascii_Table_Generators.h">
      <Filter>Header Files</Filter>
    </ClInclude>
    <ClInclude Include="CSVData.h">
      <Filter>Header Files</Filter>
    </ClInclude>
    <ClInclude Include="Main.h">
      <Filter>Source Files</Filter>
    </ClInclude>
    <ClInclude Include="UtilityItems.h">
      <Filter>Source Files</Filter>
    </ClInclude>
    <ClInclude Include="XML.h">
      <Filter>Header Files</Filter>
    </ClInclude>
    <ClInclude Include="HTML_Table.h">
      <Filter>Header Files</Filter>
    </ClInclude>
    <ClInclude Include="LaTex_Table.h">
      <Filter>Header Files</Filter>
    </ClInclude>
    <ClInclude Include="CSVto_PanelBase.h">
      <Filter>Header Files\Panel Header Files</Filter>
    </ClInclude>
    <ClInclude Include="CSVtoHTML_Panel.h">
      <Filter>Header Files\Panel Header Files</Filter>
    </ClInclude>
    <ClInclude Include="CSVtoASCII_Panel.h">
      <Filter>Header Files\Panel Header Files</Filter>
    </ClInclude>
    <ClInclude Include="CSVtoLaTex_Panel.h">
      <Filter>Header Files\Panel Header Files</Filter>
    </ClInclude>
    <ClInclude Include="CSVtoSQL_Panel.h">
      <Filter>Header Files\Panel Header Files</Filter>
    </ClInclude>
    <ClInclude Include="CSVtoMarkdown_Panel.h">
      <Filter>Header Files\Panel Header Files</Filter>
    </ClInclude>
    <ClInclude Include="CSVtoJSON_Panel.h">
      <Filter>Header Files\Panel Header Files</Filter>
    </ClInclude>
    <ClInclude Include="JSON_Generator.h">
      <Filter>Header Files</Filter>
    </ClInclude>
    <ClInclude Include="Basic_Str_Validator.h">
      <Filter>Header Files</Filter>
    </ClInclude>
    <ClInclude Include="CSVtoCSV_Panel.h">
      <Filter>Header Files\Panel Header Files</Filter>
    </ClInclude>
    <ClInclude Include="CSVtoPHP_Panel.h">
      <Filter>Header Files\Panel Header Files</Filter>
    </ClInclude>
    <ClInclude Include="PHP_Generator.h">
      <Filter>Header Files</Filter>
    </ClInclude>
    <ClInclude Include="CSVtoRuby_Panel.h">
      <Filter>Header Files\Panel Header Files</Filter>
    </ClInclude>
    <ClInclude Include="Ruby_Generator.h">
      <Filter>Header Files</Filter>
    </ClInclude>
    <ClInclude Include="CSVtoMultiline_Panel.h">
      <Filter>Header Files\Panel Header Files</Filter>
    </ClInclude>
    <ClInclude Include="CSVtoYAML_Panel.h">
      <Filter>Header Files\Panel Header Files</Filter>
    </ClInclude>
    <ClInclude Include="YAML_Generator.h">
      <Filter>Header Files</Filter>
    </ClInclude>
    <ClInclude Include="CSVtoBBCode_Panel.h">
      <Filter>Header Files\Panel Header Files</Filter>
    </ClInclude>
    <ClInclude Include="BBCode_Generator.h">
      <Filter>Header Files</Filter>
    </ClInclude>
    <ClInclude Include="CSVtoXLSX_Panel.h">
      <Filter>Header Files\Panel Header Files</Filter>
    </ClInclude>
  </ItemGroup>
  <ItemGroup>
    <Filter Include="Header Files">
      <UniqueIdentifier>{42cf904b-8311-4389-aec7-7b4cc9122f4e}</UniqueIdentifier>
    </Filter>
    <Filter Include="Resource Files">
      <UniqueIdentifier>{e3844526-efc5-4871-bffa-096a8f80611a}</UniqueIdentifier>
    </Filter>
    <Filter Include="Source Files">
      <UniqueIdentifier>{b432e69f-7d45-463d-ad24-9667479ee665}</UniqueIdentifier>
    </Filter>
    <Filter Include="Header Files\Panel Header Files">
      <UniqueIdentifier>{f7021d9b-4fad-4188-96d0-870b90973267}</UniqueIdentifier>
    </Filter>
    <Filter Include="Resource Files\Panel Resource Files">
      <UniqueIdentifier>{4876a59a-6a3c-49f7-8551-5713ea76ef33}</UniqueIdentifier>
    </Filter>
  </ItemGroup>
  <ItemGroup>
    <Manifest Include="CSV to v0.1.0.exe.manifest" />
  </ItemGroup>
  <ItemGroup>
    <ResourceCompile Include="resource.rc" />
  </ItemGroup>
</Project>